
Microsoft Visual Studio Solution File, Format Version 12.00
# Visual Studio 15
VisualStudioVersion = 15.0.26730.10
MinimumVisualStudioVersion = 10.0.40219.1
Project("{FAE04EC0-301F-11D3-BF4B-00C04F79EFBC}") = "SteamBot", "SteamBot\SteamBot.csproj", "{915602D1-93E3-4BB3-B117-7835AEC28C18}"
EndProject
Global
	GlobalSection(SolutionConfigurationPlatforms) = preSolution
		Debug|Any CPU = Debug|Any CPU
		Release|Any CPU = Release|Any CPU
	EndGlobalSection
	GlobalSection(ProjectConfigurationPlatforms) = postSolution
		{915602D1-93E3-4BB3-B117-7835AEC28C18}.Debug|Any CPU.ActiveCfg = Debug|Any CPU
		{915602D1-93E3-4BB3-B117-7835AEC28C18}.Debug|Any CPU.Build.0 = Debug|Any CPU
		{915602D1-93E3-4BB3-B117-7835AEC28C18}.Release|Any CPU.ActiveCfg = Release|Any CPU
		{915602D1-93E3-4BB3-B117-7835AEC28C18}.Release|Any CPU.Build.0 = Release|Any CPU
	EndGlobalSection
	GlobalSection(SolutionProperties) = preSolution
		HideSolutionNode = FALSE
	EndGlobalSection
	GlobalSection(ExtensibilityGlobals) = postSolution
		SolutionGuid = {1BE618CE-5C71-48F2-A992-D1E436BBFC7D}
	EndGlobalSection
EndGlobal
